
Microsoft Visual Studio Solution File, Format Version 12.00
# Visual Studio Version 17
VisualStudioVersion = 17.10.35013.160
MinimumVisualStudioVersion = 10.0.40219.1
Project("{9A19103F-16F7-4668-BE54-9A1E7A4F7556}") = "Api", "Api.csproj", "{823754DC-16AD-4C19-A32C-7E41A634954E}"
EndProject
Project("{9A19103F-16F7-4668-BE54-9A1E7A4F7556}") = "DTO", "..\DTO\DTO.csproj", "{7BC100F0-8D21-4839-B2BB-B048EC7F9700}"
EndProject
Project("{9A19103F-16F7-4668-BE54-9A1E7A4F7556}") = "DAO", "..\DAO\DAO.csproj", "{967A9559-9758-44A0-A5A9-E4AA759080B5}"
EndProject
Project("{9A19103F-16F7-4668-BE54-9A1E7A4F7556}") = "Business", "..\Business\Business.csproj", "{F018B7EE-23EB-4D40-974F-A2E710DA1C57}"
EndProject
Project("{FAE04EC0-301F-11D3-BF4B-00C04F79EFBC}") = "UnitTests", "..\UnitTests\UnitTests.csproj", "{81CE6132-13C4-4622-BAAB-5F2E5DFD9298}"
EndProject
Global
	GlobalSection(SolutionConfigurationPlatforms) = preSolution
		Debug|Any CPU = Debug|Any CPU
		Release|Any CPU = Release|Any CPU
	EndGlobalSection
	GlobalSection(ProjectConfigurationPlatforms) = postSolution
		{823754DC-16AD-4C19-A32C-7E41A634954E}.Debug|Any CPU.ActiveCfg = Debug|Any CPU
		{823754DC-16AD-4C19-A32C-7E41A634954E}.Debug|Any CPU.Build.0 = Debug|Any CPU
		{823754DC-16AD-4C19-A32C-7E41A634954E}.Release|Any CPU.ActiveCfg = Release|Any CPU
		{823754DC-16AD-4C19-A32C-7E41A634954E}.Release|Any CPU.Build.0 = Release|Any CPU
		{7BC100F0-8D21-4839-B2BB-B048EC7F9700}.Debug|Any CPU.ActiveCfg = Debug|Any CPU
		{7BC100F0-8D21-4839-B2BB-B048EC7F9700}.Debug|Any CPU.Build.0 = Debug|Any CPU
		{7BC100F0-8D21-4839-B2BB-B048EC7F9700}.Release|Any CPU.ActiveCfg = Release|Any CPU
		{7BC100F0-8D21-4839-B2BB-B048EC7F9700}.Release|Any CPU.Build.0 = Release|Any CPU
		{967A9559-9758-44A0-A5A9-E4AA759080B5}.Debug|Any CPU.ActiveCfg = Debug|Any CPU
		{967A9559-9758-44A0-A5A9-E4AA759080B5}.Debug|Any CPU.Build.0 = Debug|Any CPU
		{967A9559-9758-44A0-A5A9-E4AA759080B5}.Release|Any CPU.ActiveCfg = Release|Any CPU
		{967A9559-9758-44A0-A5A9-E4AA759080B5}.Release|Any CPU.Build.0 = Release|Any CPU
		{F018B7EE-23EB-4D40-974F-A2E710DA1C57}.Debug|Any CPU.ActiveCfg = Debug|Any CPU
		{F018B7EE-23EB-4D40-974F-A2E710DA1C57}.Debug|Any CPU.Build.0 = Debug|Any CPU
		{F018B7EE-23EB-4D40-974F-A2E710DA1C57}.Release|Any CPU.ActiveCfg = Release|Any CPU
		{F018B7EE-23EB-4D40-974F-A2E710DA1C57}.Release|Any CPU.Build.0 = Release|Any CPU
		{81CE6132-13C4-4622-BAAB-5F2E5DFD9298}.Debug|Any CPU.ActiveCfg = Debug|Any CPU
		{81CE6132-13C4-4622-BAAB-5F2E5DFD9298}.Debug|Any CPU.Build.0 = Debug|Any CPU
		{81CE6132-13C4-4622-BAAB-5F2E5DFD9298}.Release|Any CPU.ActiveCfg = Release|Any CPU
		{81CE6132-13C4-4622-BAAB-5F2E5DFD9298}.Release|Any CPU.Build.0 = Release|Any CPU
	EndGlobalSection
	GlobalSection(SolutionProperties) = preSolution
		HideSolutionNode = FALSE
	EndGlobalSection
	GlobalSection(ExtensibilityGlobals) = postSolution
		SolutionGuid = {E34071F9-A92F-4D40-99FE-47E45CF6769E}
	EndGlobalSection
EndGlobal
